
Microsoft Visual Studio Solution File, Format Version 12.00
# Visual Studio Version 16
VisualStudioVersion = 16.0.29613.14
MinimumVisualStudioVersion = 10.0.40219.1
Project("{8BC9CEB8-8B4A-11D0-8D11-00A0C91BC942}") = "sandbox1", "sandbox1\sandbox1.vcxproj", "{FF6205AA-F2E2-498C-8F07-3541A7E8CC50}"
EndProject
Global
	GlobalSection(SolutionConfigurationPlatforms) = preSolution
		Debug|x64 = Debug|x64
		Debug|x86 = Debug|x86
		Release|x64 = Release|x64
		Release|x86 = Release|x86
	EndGlobalSection
	GlobalSection(ProjectConfigurationPlatforms) = postSolution
		{FF6205AA-F2E2-498C-8F07-3541A7E8CC50}.Debug|x64.ActiveCfg = Debug|x64
		{FF6205AA-F2E2-498C-8F07-3541A7E8CC50}.Debug|x64.Build.0 = Debug|x64
		{FF6205AA-F2E2-498C-8F07-3541A7E8CC50}.Debug|x86.ActiveCfg = Debug|Win32
		{FF6205AA-F2E2-498C-8F07-3541A7E8CC50}.Debug|x86.Build.0 = Debug|Win32
		{FF6205AA-F2E2-498C-8F07-3541A7E8CC50}.Release|x64.ActiveCfg = Release|x64
		{FF6205AA-F2E2-498C-8F07-3541A7E8CC50}.Release|x64.Build.0 = Release|x64
		{FF6205AA-F2E2-498C-8F07-3541A7E8CC50}.Release|x86.ActiveCfg = Release|Win32
		{FF6205AA-F2E2-498C-8F07-3541A7E8CC50}.Release|x86.Build.0 = Release|Win32
	EndGlobalSection
	GlobalSection(SolutionProperties) = preSolution
		HideSolutionNode = FALSE
	EndGlobalSection
	GlobalSection(ExtensibilityGlobals) = postSolution
		SolutionGuid = {0745AEDB-87DA-42C6-AE6B-B6A916605AB7}
	EndGlobalSection
EndGlobal
